
Microsoft Visual Studio Solution File, Format Version 12.00
# Visual Studio Version 17
VisualStudioVersion = 17.3.32929.385
MinimumVisualStudioVersion = 10.0.40219.1
Project("{FAE04EC0-301F-11D3-BF4B-00C04F79EFBC}") = "MyErp.GustavoComin.Vendas.Application", "MyErp.GustavoComin.Vendas\MyErp.GustavoComin.Vendas.Application.csproj", "{0B0C595E-E95D-446E-98C0-1B707B884526}"
EndProject
Project("{FAE04EC0-301F-11D3-BF4B-00C04F79EFBC}") = "MyErp.GustavoComin.Vendas.Domain", "MyErp.GustavoComin.Vendas.Domain\MyErp.GustavoComin.Vendas.Domain.csproj", "{B6225785-9BE5-4E56-B500-C6833F8B7A17}"
EndProject
Project("{FAE04EC0-301F-11D3-BF4B-00C04F79EFBC}") = "MyErp.GustavoComin.Vendas.Service", "MyErp.GustavoComin.Vendas.Service\MyErp.GustavoComin.Vendas.Service.csproj", "{9AA332F5-1A33-4D77-8294-02EF1EE62735}"
EndProject
Project("{FAE04EC0-301F-11D3-BF4B-00C04F79EFBC}") = "MyErp.GustavoComin.Vendas.Repository", "MyErp.GustavoComin.Vendas.Repository\MyErp.GustavoComin.Vendas.Repository.csproj", "{8915EADF-A067-4511-92F0-CD80DB316791}"
EndProject
Global
	GlobalSection(SolutionConfigurationPlatforms) = preSolution
		Debug|Any CPU = Debug|Any CPU
		Release|Any CPU = Release|Any CPU
	EndGlobalSection
	GlobalSection(ProjectConfigurationPlatforms) = postSolution
		{0B0C595E-E95D-446E-98C0-1B707B884526}.Debug|Any CPU.ActiveCfg = Debug|Any CPU
		{0B0C595E-E95D-446E-98C0-1B707B884526}.Debug|Any CPU.Build.0 = Debug|Any CPU
		{0B0C595E-E95D-446E-98C0-1B707B884526}.Release|Any CPU.ActiveCfg = Release|Any CPU
		{0B0C595E-E95D-446E-98C0-1B707B884526}.Release|Any CPU.Build.0 = Release|Any CPU
		{B6225785-9BE5-4E56-B500-C6833F8B7A17}.Debug|Any CPU.ActiveCfg = Debug|Any CPU
		{B6225785-9BE5-4E56-B500-C6833F8B7A17}.Debug|Any CPU.Build.0 = Debug|Any CPU
		{B6225785-9BE5-4E56-B500-C6833F8B7A17}.Release|Any CPU.ActiveCfg = Release|Any CPU
		{B6225785-9BE5-4E56-B500-C6833F8B7A17}.Release|Any CPU.Build.0 = Release|Any CPU
		{9AA332F5-1A33-4D77-8294-02EF1EE62735}.Debug|Any CPU.ActiveCfg = Debug|Any CPU
		{9AA332F5-1A33-4D77-8294-02EF1EE62735}.Debug|Any CPU.Build.0 = Debug|Any CPU
		{9AA332F5-1A33-4D77-8294-02EF1EE62735}.Release|Any CPU.ActiveCfg = Release|Any CPU
		{9AA332F5-1A33-4D77-8294-02EF1EE62735}.Release|Any CPU.Build.0 = Release|Any CPU
		{8915EADF-A067-4511-92F0-CD80DB316791}.Debug|Any CPU.ActiveCfg = Debug|Any CPU
		{8915EADF-A067-4511-92F0-CD80DB316791}.Debug|Any CPU.Build.0 = Debug|Any CPU
		{8915EADF-A067-4511-92F0-CD80DB316791}.Release|Any CPU.ActiveCfg = Release|Any CPU
		{8915EADF-A067-4511-92F0-CD80DB316791}.Release|Any CPU.Build.0 = Release|Any CPU
	EndGlobalSection
	GlobalSection(SolutionProperties) = preSolution
		HideSolutionNode = FALSE
	EndGlobalSection
	GlobalSection(ExtensibilityGlobals) = postSolution
		SolutionGuid = {49B208EB-60B9-4801-A6E3-76A005B54373}
	EndGlobalSection
EndGlobal
